{
  "version": 4,
  "terraform_version": "1.0.3",
  "serial": 57,
  "lineage": "0239e499-742d-6c4e-99e4-4608b9c400fb",
  "outputs": {
    "external_ip_address_vm_1": {
      "value": "178.154.223.137",
      "type": "string"
    },
    "internal_ip_address_vm_1": {
      "value": "192.168.10.8",
      "type": "string"
    }
  },
  "resources": [
    {
      "mode": "managed",
      "type": "local_file",
      "name": "AnsibleInventory",
      "provider": "provider[\"registry.terraform.io/hashicorp/local\"]",
      "instances": [
        {
          "schema_version": 0,
          "attributes": {
            "content": "[nginx]\nnginx ansible_host=192.168.10.8 #\n",
            "content_base64": null,
            "directory_permission": "0777",
            "file_permission": "0777",
            "filename": "../ansible/inventory",
            "id": "b1b31eb873bb5318458700c519d965bc9c720060",
            "sensitive_content": null,
            "source": null
          },
          "sensitive_attributes": [],
          "private": "bnVsbA==",
          "dependencies": [
            "yandex_compute_instance.vm-1",
            "yandex_vpc_network.network-1",
            "yandex_vpc_subnet.subnet-1"
          ]
        }
      ]
    },
    {
      "mode": "managed",
      "type": "yandex_compute_instance",
      "name": "vm-1",
      "provider": "provider[\"registry.terraform.io/yandex-cloud/yandex\"]",
      "instances": [
        {
          "schema_version": 1,
          "attributes": {
            "allow_stopping_for_update": null,
            "boot_disk": [
              {
                "auto_delete": true,
                "device_name": "fhmpce5flvqv3o3594u5",
                "disk_id": "fhmpce5flvqv3o3594u5",
                "initialize_params": [
                  {
                    "description": "",
                    "image_id": "fd83869rbingor0in0ui",
                    "name": "",
                    "size": 8,
                    "snapshot_id": "",
                    "type": "network-hdd"
                  }
                ],
                "mode": "READ_WRITE"
              }
            ],
            "created_at": "2021-08-05T19:39:07Z",
            "description": "",
            "folder_id": "b1ggrd7fac2r4e6t6kei",
            "fqdn": "fhmn5bdn5q7f7oim9ton.auto.internal",
            "hostname": "fhmn5bdn5q7f7oim9ton",
            "id": "fhmn5bdn5q7f7oim9ton",
            "labels": null,
            "metadata": {
              "ssh-keys": "nick:ssh-rsa AAAAB3NzaC1yc2EAAAADAQABAAACAQDUSLzieedMIG2KEB5wcjxEuwYP2yBYZ8c00hFIJrG/fTnhTeGw2tyyI52TvIpXQFcdzLG6cjPA/VfEE9TTtrqUC3dM7YzoSEvpiBDs6TMXWq8gcKV/4NEd11yrSdoIbYIdPkBrpyKNvZsWC/hSdN7WjK1d0hnV3jbnXmGdmmz+qaLxLuKy4hIVEtvovKpn16dqZwUI79v5uOmID3yP46gFwlX8i/vCKtjyzgpVK4eC/kmomz5BCoWJ1uPxgw47gOAWE14AHlol1frQnSEsZ8j7DN0qfVGuxmspTV0VxjDPtJ2f4slveRbxadIdRXpyE32fbaQmcCSVtFg/7uIzey0W/1P2BxWYQNdRo9II0Xa8acEbpO8/DwTyPN1GE619ynPQ34C0eK/5Dpm6TV+RwXYjh6ThZ0WvlvZWTXCSG43v2moMpEns4QNToPJqpp6lg69NiEjrWK3yHAYYXBplNFTr1wpHfZ1sSvZfzqW7nTA4c44KSheCFN8ImXAPaoth+pj+pxpV3YbZA18zaHtsNVYhkYWJafOLMItGaqloXQqW3g1kfz/1DfSKnPV5UltiicpQ4Ik2lpC1/NocSnXOY4hbU2THHLJfzNYrCe8N1svV95fNntTe1uS6vUUHTinYWf/IrpKvPJ6MMJKa7dxvBUFVOlUZWbqAdX7oQJv18MbD/Q== krot19831983@mail.ru\n"
            },
            "name": "terraform1",
            "network_acceleration_type": "standard",
            "network_interface": [
              {
                "dns_record": [],
                "index": 0,
                "ip_address": "192.168.10.8",
                "ipv4": true,
                "ipv6": false,
                "ipv6_address": "",
                "ipv6_dns_record": [],
                "mac_address": "d0:0d:17:2a:db:72",
                "nat": true,
                "nat_dns_record": [],
                "nat_ip_address": "178.154.223.137",
                "nat_ip_version": "IPV4",
                "security_group_ids": [],
                "subnet_id": "e9b42glrfdqsce8fpq7r"
              }
            ],
            "placement_policy": [
              {
                "placement_group_id": ""
              }
            ],
            "platform_id": "standard-v1",
            "resources": [
              {
                "core_fraction": 100,
                "cores": 2,
                "gpus": 0,
                "memory": 2
              }
            ],
            "scheduling_policy": [
              {
                "preemptible": false
              }
            ],
            "secondary_disk": [],
            "service_account_id": "",
            "status": "running",
            "timeouts": null,
            "zone": "ru-central1-a"
          },
          "sensitive_attributes": [],
          "private": "eyJlMmJmYjczMC1lY2FhLTExZTYtOGY4OC0zNDM2M2JjN2M0YzAiOnsiY3JlYXRlIjozMDAwMDAwMDAwMDAsImRlbGV0ZSI6MzAwMDAwMDAwMDAwLCJ1cGRhdGUiOjMwMDAwMDAwMDAwMH0sInNjaGVtYV92ZXJzaW9uIjoiMSJ9",
          "dependencies": [
            "yandex_vpc_network.network-1",
            "yandex_vpc_subnet.subnet-1"
          ]
        }
      ]
    },
    {
      "mode": "managed",
      "type": "yandex_vpc_network",
      "name": "network-1",
      "provider": "provider[\"registry.terraform.io/yandex-cloud/yandex\"]",
      "instances": [
        {
          "schema_version": 0,
          "attributes": {
            "created_at": "2021-08-05T19:39:05Z",
            "default_security_group_id": "",
            "description": "",
            "folder_id": "b1ggrd7fac2r4e6t6kei",
            "id": "enprf7eedhj00j6o5rq5",
            "labels": null,
            "name": "network1",
            "subnet_ids": [],
            "timeouts": null
          },
          "sensitive_attributes": [],
          "private": "eyJlMmJmYjczMC1lY2FhLTExZTYtOGY4OC0zNDM2M2JjN2M0YzAiOnsiY3JlYXRlIjo2MDAwMDAwMDAwMCwiZGVsZXRlIjo2MDAwMDAwMDAwMCwidXBkYXRlIjo2MDAwMDAwMDAwMH19"
        }
      ]
    },
    {
      "mode": "managed",
      "type": "yandex_vpc_subnet",
      "name": "subnet-1",
      "provider": "provider[\"registry.terraform.io/yandex-cloud/yandex\"]",
      "instances": [
        {
          "schema_version": 0,
          "attributes": {
            "created_at": "2021-08-05T19:39:06Z",
            "description": "",
            "dhcp_options": [],
            "folder_id": "b1ggrd7fac2r4e6t6kei",
            "id": "e9b42glrfdqsce8fpq7r",
            "labels": null,
            "name": "subnet1",
            "network_id": "enprf7eedhj00j6o5rq5",
            "route_table_id": "",
            "timeouts": null,
            "v4_cidr_blocks": [
              "192.168.10.0/24"
            ],
            "v6_cidr_blocks": [],
            "zone": "ru-central1-a"
          },
          "sensitive_attributes": [],
          "private": "eyJlMmJmYjczMC1lY2FhLTExZTYtOGY4OC0zNDM2M2JjN2M0YzAiOnsiY3JlYXRlIjoxODAwMDAwMDAwMDAsImRlbGV0ZSI6MTgwMDAwMDAwMDAwLCJ1cGRhdGUiOjE4MDAwMDAwMDAwMH19",
          "dependencies": [
            "yandex_vpc_network.network-1"
          ]
        }
      ]
    }
  ]
}
